
Microsoft Visual Studio Solution File, Format Version 12.00
# Visual Studio Version 16
VisualStudioVersion = 16.0.31727.386
MinimumVisualStudioVersion = 10.0.40219.1
Project("{8BC9CEB8-8B4A-11D0-8D11-00A0C91BC942}") = "SocketServer", "SocketServer\SocketServer.vcxproj", "{A1D4151D-044B-4B1C-A82F-DDC90E321E2B}"
EndProject
Project("{8BC9CEB8-8B4A-11D0-8D11-00A0C91BC942}") = "SocketClient", "SocketClient\SocketClient.vcxproj", "{9BF984F7-D093-4AC4-9BFB-0F624084BF55}"
EndProject
Project("{8BC9CEB8-8B4A-11D0-8D11-00A0C91BC942}") = "SharedSocket", "SharedSocket\SharedSocket.vcxitems", "{C8061420-D2FF-4E2A-A477-92E10D64D859}"
EndProject
Global
	GlobalSection(SharedMSBuildProjectFiles) = preSolution
		SharedSocket\SharedSocket.vcxitems*{9bf984f7-d093-4ac4-9bfb-0f624084bf55}*SharedItemsImports = 4
		SharedSocket\SharedSocket.vcxitems*{a1d4151d-044b-4b1c-a82f-ddc90e321e2b}*SharedItemsImports = 4
		SharedSocket\SharedSocket.vcxitems*{c8061420-d2ff-4e2a-a477-92e10d64d859}*SharedItemsImports = 9
	EndGlobalSection
	GlobalSection(SolutionConfigurationPlatforms) = preSolution
		Debug|x64 = Debug|x64
		Debug|x86 = Debug|x86
		Release|x64 = Release|x64
		Release|x86 = Release|x86
	EndGlobalSection
	GlobalSection(ProjectConfigurationPlatforms) = postSolution
		{A1D4151D-044B-4B1C-A82F-DDC90E321E2B}.Debug|x64.ActiveCfg = Debug|x64
		{A1D4151D-044B-4B1C-A82F-DDC90E321E2B}.Debug|x64.Build.0 = Debug|x64
		{A1D4151D-044B-4B1C-A82F-DDC90E321E2B}.Debug|x86.ActiveCfg = Debug|Win32
		{A1D4151D-044B-4B1C-A82F-DDC90E321E2B}.Debug|x86.Build.0 = Debug|Win32
		{A1D4151D-044B-4B1C-A82F-DDC90E321E2B}.Release|x64.ActiveCfg = Release|x64
		{A1D4151D-044B-4B1C-A82F-DDC90E321E2B}.Release|x64.Build.0 = Release|x64
		{A1D4151D-044B-4B1C-A82F-DDC90E321E2B}.Release|x86.ActiveCfg = Release|Win32
		{A1D4151D-044B-4B1C-A82F-DDC90E321E2B}.Release|x86.Build.0 = Release|Win32
		{9BF984F7-D093-4AC4-9BFB-0F624084BF55}.Debug|x64.ActiveCfg = Debug|x64
		{9BF984F7-D093-4AC4-9BFB-0F624084BF55}.Debug|x64.Build.0 = Debug|x64
		{9BF984F7-D093-4AC4-9BFB-0F624084BF55}.Debug|x86.ActiveCfg = Debug|Win32
		{9BF984F7-D093-4AC4-9BFB-0F624084BF55}.Debug|x86.Build.0 = Debug|Win32
		{9BF984F7-D093-4AC4-9BFB-0F624084BF55}.Release|x64.ActiveCfg = Release|x64
		{9BF984F7-D093-4AC4-9BFB-0F624084BF55}.Release|x64.Build.0 = Release|x64
		{9BF984F7-D093-4AC4-9BFB-0F624084BF55}.Release|x86.ActiveCfg = Release|Win32
		{9BF984F7-D093-4AC4-9BFB-0F624084BF55}.Release|x86.Build.0 = Release|Win32
	EndGlobalSection
	GlobalSection(SolutionProperties) = preSolution
		HideSolutionNode = FALSE
	EndGlobalSection
	GlobalSection(ExtensibilityGlobals) = postSolution
		SolutionGuid = {602EF15D-EE7E-403E-9BB6-B23B0312C37F}
	EndGlobalSection
EndGlobal
